{
  "name": "monolithcode2",
  "version": "2.3.0",
  "lockfileVersion": 2,
  "requires": true,
  "packages": {
    "": {
      "name": "monolithcode2",
      "version": "2.3.0",
      "license": "MIT",
      "dependencies": {
        "@tauri-apps/api": "^1.0.0-rc.4"
      },
      "devDependencies": {
        "@tauri-apps/cli": "^1.0.0-rc.9"
      }
    },
    "node_modules/@tauri-apps/api": {
      "version": "1.0.0-rc.4",
      "resolved": "https://registry.npmjs.org/@tauri-apps/api/-/api-1.0.0-rc.4.tgz",
      "integrity": "sha512-1HaUsx8+TzFHDoQ+Mmd6RWaMsPyZlurQHgACDt+il5e/ui6pDkumVXaS92SnY5XOcS4gBC0BkgjVfkWgcm/Oww==",
      "dependencies": {
        "type-fest": "2.12.2"
      },
      "engines": {
        "node": ">= 12.13.0",
        "npm": ">= 6.6.0",
        "yarn": ">= 1.19.1"
      },
      "funding": {
        "type": "opencollective",
        "url": "https://opencollective.com/tauri"
      }
    },
    "node_modules/@tauri-apps/cli": {
      "version": "1.0.0-rc.9",
      "resolved": "https://registry.npmjs.org/@tauri-apps/cli/-/cli-1.0.0-rc.9.tgz",
      "integrity": "sha512-j+HZ65wdfFrMwisYeQpdZnldONevBPHjAo9v9Impf0irUU2UR5nwyvyArHTaWCvNeqEs+YV4XXHsfm2xVpnaug==",
      "dev": true,
      "bin": {
        "tauri": "tauri.js"
      },
      "engines": {
        "node": ">= 10"
      },
      "funding": {
        "type": "opencollective",
        "url": "https://opencollective.com/tauri"
      },
      "optionalDependencies": {
        "@tauri-apps/cli-darwin-arm64": "1.0.0-rc.9",
        "@tauri-apps/cli-darwin-x64": "1.0.0-rc.9",
        "@tauri-apps/cli-linux-arm-gnueabihf": "1.0.0-rc.9",
        "@tauri-apps/cli-linux-arm64-gnu": "1.0.0-rc.9",
        "@tauri-apps/cli-linux-arm64-musl": "1.0.0-rc.9",
        "@tauri-apps/cli-linux-x64-gnu": "1.0.0-rc.9",
        "@tauri-apps/cli-linux-x64-musl": "1.0.0-rc.9",
        "@tauri-apps/cli-win32-ia32-msvc": "1.0.0-rc.9",
        "@tauri-apps/cli-win32-x64-msvc": "1.0.0-rc.9"
      }
    },
    "node_modules/@tauri-apps/cli-darwin-arm64": {
      "version": "1.0.0-rc.9",
      "resolved": "https://registry.npmjs.org/@tauri-apps/cli-darwin-arm64/-/cli-darwin-arm64-1.0.0-rc.9.tgz",
      "integrity": "sha512-cpcSRyVOh3n5GsCdKtVQpLJ36yx7h+KY868l7KhPnM5EL1cQbFwYzD/VHlzFvfrpS19YvPBB/AHln4rll5iWvw==",
      "cpu": [
        "arm64"
      ],
      "dev": true,
      "optional": true,
      "os": [
        "darwin"
      ],
      "engines": {
        "node": ">= 10"
      }
    },
    "node_modules/@tauri-apps/cli-darwin-x64": {
      "version": "1.0.0-rc.9",
      "resolved": "https://registry.npmjs.org/@tauri-apps/cli-darwin-x64/-/cli-darwin-x64-1.0.0-rc.9.tgz",
      "integrity": "sha512-ku8QpMNrfqyCk2adLdVB+zzaCb7T0/RgVvaqEZqK54WW4blUxkeKHbKqZ/SKRdxTkghHbgJIoBtlk1A5GUbAwg==",
      "cpu": [
        "x64"
      ],
      "dev": true,
      "optional": true,
      "os": [
        "darwin"
      ],
      "engines": {
        "node": ">= 10"
      }
    },
    "node_modules/@tauri-apps/cli-linux-arm-gnueabihf": {
      "version": "1.0.0-rc.9",
      "resolved": "https://registry.npmjs.org/@tauri-apps/cli-linux-arm-gnueabihf/-/cli-linux-arm-gnueabihf-1.0.0-rc.9.tgz",
      "integrity": "sha512-Qlwm4eWo0uCeL3kmowfaLghPehYTYvnM4fH6cRZndzs6/abqsFdghmEmhP5mn34/RAnHXAUANItqlgk6L7C4iw==",
      "cpu": [
        "arm"
      ],
      "dev": true,
      "optional": true,
      "os": [
        "linux"
      ],
      "engines": {
        "node": ">= 10"
      }
    },
    "node_modules/@tauri-apps/cli-linux-arm64-gnu": {
      "version": "1.0.0-rc.9",
      "resolved": "https://registry.npmjs.org/@tauri-apps/cli-linux-arm64-gnu/-/cli-linux-arm64-gnu-1.0.0-rc.9.tgz",
      "integrity": "sha512-Rr4S902dYjRnDCu141f5Cz3JxwKxX/ax7LiMhSifQu5o2wSiezmZ20VRHBwW1UuZxvGV+hxTuZVnfD6NKQdWdA==",
      "cpu": [
        "arm64"
      ],
      "dev": true,
      "optional": true,
      "os": [
        "linux"
      ],
      "engines": {
        "node": ">= 10"
      }
    },
    "node_modules/@tauri-apps/cli-linux-arm64-musl": {
      "version": "1.0.0-rc.9",
      "resolved": "https://registry.npmjs.org/@tauri-apps/cli-linux-arm64-musl/-/cli-linux-arm64-musl-1.0.0-rc.9.tgz",
      "integrity": "sha512-MxqjspY2aS/nxtvBMT8TExZfDWDEsUvQRHHY/2KoBYpqpzucW6WXRGmeOvS1GeA3vnub2/Kq5i32jGRDT1tvrA==",
      "cpu": [
        "arm64"
      ],
      "dev": true,
      "optional": true,
      "os": [
        "linux"
      ],
      "engines": {
        "node": ">= 10"
      }
    },
    "node_modules/@tauri-apps/cli-linux-x64-gnu": {
      "version": "1.0.0-rc.9",
      "resolved": "https://registry.npmjs.org/@tauri-apps/cli-linux-x64-gnu/-/cli-linux-x64-gnu-1.0.0-rc.9.tgz",
      "integrity": "sha512-LD7KnJuH1mYFwQfcALPttBnaSG6pgO87Z6nY3xXJjo+A4ttPHcmIBaNdXCTjAmib/umD0nD8k95Hw9iJFYTuiA==",
      "cpu": [
        "x64"
      ],
      "dev": true,
      "optional": true,
      "os": [
        "linux"
      ],
      "engines": {
        "node": ">= 10"
      }
    },
    "node_modules/@tauri-apps/cli-linux-x64-musl": {
      "version": "1.0.0-rc.9",
      "resolved": "https://registry.npmjs.org/@tauri-apps/cli-linux-x64-musl/-/cli-linux-x64-musl-1.0.0-rc.9.tgz",
      "integrity": "sha512-ifocAxBYhk7qrO5x1mizxx/yABvkmyia0kw9eXUn7d5a30HoBcl/A9t+w+7c4B/n/D+gxEMSr6CPaIZv7KnTog==",
      "cpu": [
        "x64"
      ],
      "dev": true,
      "optional": true,
      "os": [
        "linux"
      ],
      "engines": {
        "node": ">= 10"
      }
    },
    "node_modules/@tauri-apps/cli-win32-ia32-msvc": {
      "version": "1.0.0-rc.9",
      "resolved": "https://registry.npmjs.org/@tauri-apps/cli-win32-ia32-msvc/-/cli-win32-ia32-msvc-1.0.0-rc.9.tgz",
      "integrity": "sha512-ClDYF4CstoccPMVkIHyvy1jzlWXIYZX2mjKB6z18MdJ0O7Je8TC115K30lqXtSdPuKX35xWDcWU2b/gllcUUzA==",
      "cpu": [
        "ia32"
      ],
      "dev": true,
      "optional": true,
      "os": [
        "win32"
      ],
      "engines": {
        "node": ">= 10"
      }
    },
    "node_modules/@tauri-apps/cli-win32-x64-msvc": {
      "version": "1.0.0-rc.9",
      "resolved": "https://registry.npmjs.org/@tauri-apps/cli-win32-x64-msvc/-/cli-win32-x64-msvc-1.0.0-rc.9.tgz",
      "integrity": "sha512-hJjnpl864OhpIp2lTMTW4ad2Aia5/Tbf7k8GJILzUY/XkBhZjNIgZORa8bDcnZRCTU+RDgMFc+AoKtDIircjnA==",
      "cpu": [
        "x64"
      ],
      "dev": true,
      "optional": true,
      "os": [
        "win32"
      ],
      "engines": {
        "node": ">= 10"
      }
    },
    "node_modules/type-fest": {
      "version": "2.12.2",
      "resolved": "https://registry.npmjs.org/type-fest/-/type-fest-2.12.2.tgz",
      "integrity": "sha512-qt6ylCGpLjZ7AaODxbpyBZSs9fCI9SkL3Z9q2oxMBQhs/uyY+VD8jHA8ULCGmWQJlBgqvO3EJeAngOHD8zQCrQ==",
      "engines": {
        "node": ">=12.20"
      },
      "funding": {
        "url": "https://github.com/sponsors/sindresorhus"
      }
    }
  },
  "dependencies": {
    "@tauri-apps/api": {
      "version": "1.0.0-rc.4",
      "resolved": "https://registry.npmjs.org/@tauri-apps/api/-/api-1.0.0-rc.4.tgz",
      "integrity": "sha512-1HaUsx8+TzFHDoQ+Mmd6RWaMsPyZlurQHgACDt+il5e/ui6pDkumVXaS92SnY5XOcS4gBC0BkgjVfkWgcm/Oww==",
      "requires": {
        "type-fest": "2.12.2"
      }
    },
    "@tauri-apps/cli": {
      "version": "1.0.0-rc.9",
      "resolved": "https://registry.npmjs.org/@tauri-apps/cli/-/cli-1.0.0-rc.9.tgz",
      "integrity": "sha512-j+HZ65wdfFrMwisYeQpdZnldONevBPHjAo9v9Impf0irUU2UR5nwyvyArHTaWCvNeqEs+YV4XXHsfm2xVpnaug==",
      "dev": true,
      "requires": {
        "@tauri-apps/cli-darwin-arm64": "1.0.0-rc.9",
        "@tauri-apps/cli-darwin-x64": "1.0.0-rc.9",
        "@tauri-apps/cli-linux-arm-gnueabihf": "1.0.0-rc.9",
        "@tauri-apps/cli-linux-arm64-gnu": "1.0.0-rc.9",
        "@tauri-apps/cli-linux-arm64-musl": "1.0.0-rc.9",
        "@tauri-apps/cli-linux-x64-gnu": "1.0.0-rc.9",
        "@tauri-apps/cli-linux-x64-musl": "1.0.0-rc.9",
        "@tauri-apps/cli-win32-ia32-msvc": "1.0.0-rc.9",
        "@tauri-apps/cli-win32-x64-msvc": "1.0.0-rc.9"
      }
    },
    "@tauri-apps/cli-darwin-arm64": {
      "version": "1.0.0-rc.9",
      "resolved": "https://registry.npmjs.org/@tauri-apps/cli-darwin-arm64/-/cli-darwin-arm64-1.0.0-rc.9.tgz",
      "integrity": "sha512-cpcSRyVOh3n5GsCdKtVQpLJ36yx7h+KY868l7KhPnM5EL1cQbFwYzD/VHlzFvfrpS19YvPBB/AHln4rll5iWvw==",
      "dev": true,
      "optional": true
    },
    "@tauri-apps/cli-darwin-x64": {
      "version": "1.0.0-rc.9",
      "resolved": "https://registry.npmjs.org/@tauri-apps/cli-darwin-x64/-/cli-darwin-x64-1.0.0-rc.9.tgz",
      "integrity": "sha512-ku8QpMNrfqyCk2adLdVB+zzaCb7T0/RgVvaqEZqK54WW4blUxkeKHbKqZ/SKRdxTkghHbgJIoBtlk1A5GUbAwg==",
      "dev": true,
      "optional": true
    },
    "@tauri-apps/cli-linux-arm-gnueabihf": {
      "version": "1.0.0-rc.9",
      "resolved": "https://registry.npmjs.org/@tauri-apps/cli-linux-arm-gnueabihf/-/cli-linux-arm-gnueabihf-1.0.0-rc.9.tgz",
      "integrity": "sha512-Qlwm4eWo0uCeL3kmowfaLghPehYTYvnM4fH6cRZndzs6/abqsFdghmEmhP5mn34/RAnHXAUANItqlgk6L7C4iw==",
      "dev": true,
      "optional": true
    },
    "@tauri-apps/cli-linux-arm64-gnu": {
      "version": "1.0.0-rc.9",
      "resolved": "https://registry.npmjs.org/@tauri-apps/cli-linux-arm64-gnu/-/cli-linux-arm64-gnu-1.0.0-rc.9.tgz",
      "integrity": "sha512-Rr4S902dYjRnDCu141f5Cz3JxwKxX/ax7LiMhSifQu5o2wSiezmZ20VRHBwW1UuZxvGV+hxTuZVnfD6NKQdWdA==",
      "dev": true,
      "optional": true
    },
    "@tauri-apps/cli-linux-arm64-musl": {
      "version": "1.0.0-rc.9",
      "resolved": "https://registry.npmjs.org/@tauri-apps/cli-linux-arm64-musl/-/cli-linux-arm64-musl-1.0.0-rc.9.tgz",
      "integrity": "sha512-MxqjspY2aS/nxtvBMT8TExZfDWDEsUvQRHHY/2KoBYpqpzucW6WXRGmeOvS1GeA3vnub2/Kq5i32jGRDT1tvrA==",
      "dev": true,
      "optional": true
    },
    "@tauri-apps/cli-linux-x64-gnu": {
      "version": "1.0.0-rc.9",
      "resolved": "https://registry.npmjs.org/@tauri-apps/cli-linux-x64-gnu/-/cli-linux-x64-gnu-1.0.0-rc.9.tgz",
      "integrity": "sha512-LD7KnJuH1mYFwQfcALPttBnaSG6pgO87Z6nY3xXJjo+A4ttPHcmIBaNdXCTjAmib/umD0nD8k95Hw9iJFYTuiA==",
      "dev": true,
      "optional": true
    },
    "@tauri-apps/cli-linux-x64-musl": {
      "version": "1.0.0-rc.9",
      "resolved": "https://registry.npmjs.org/@tauri-apps/cli-linux-x64-musl/-/cli-linux-x64-musl-1.0.0-rc.9.tgz",
      "integrity": "sha512-ifocAxBYhk7qrO5x1mizxx/yABvkmyia0kw9eXUn7d5a30HoBcl/A9t+w+7c4B/n/D+gxEMSr6CPaIZv7KnTog==",
      "dev": true,
      "optional": true
    },
    "@tauri-apps/cli-win32-ia32-msvc": {
      "version": "1.0.0-rc.9",
      "resolved": "https://registry.npmjs.org/@tauri-apps/cli-win32-ia32-msvc/-/cli-win32-ia32-msvc-1.0.0-rc.9.tgz",
      "integrity": "sha512-ClDYF4CstoccPMVkIHyvy1jzlWXIYZX2mjKB6z18MdJ0O7Je8TC115K30lqXtSdPuKX35xWDcWU2b/gllcUUzA==",
      "dev": true,
      "optional": true
    },
    "@tauri-apps/cli-win32-x64-msvc": {
      "version": "1.0.0-rc.9",
      "resolved": "https://registry.npmjs.org/@tauri-apps/cli-win32-x64-msvc/-/cli-win32-x64-msvc-1.0.0-rc.9.tgz",
      "integrity": "sha512-hJjnpl864OhpIp2lTMTW4ad2Aia5/Tbf7k8GJILzUY/XkBhZjNIgZORa8bDcnZRCTU+RDgMFc+AoKtDIircjnA==",
      "dev": true,
      "optional": true
    },
    "type-fest": {
      "version": "2.12.2",
      "resolved": "https://registry.npmjs.org/type-fest/-/type-fest-2.12.2.tgz",
      "integrity": "sha512-qt6ylCGpLjZ7AaODxbpyBZSs9fCI9SkL3Z9q2oxMBQhs/uyY+VD8jHA8ULCGmWQJlBgqvO3EJeAngOHD8zQCrQ=="
    }
  }
}
